
Microsoft Visual Studio Solution File, Format Version 12.00
# Visual Studio Version 16
VisualStudioVersion = 16.0.30804.86
MinimumVisualStudioVersion = 10.0.40219.1
Project("{FAE04EC0-301F-11D3-BF4B-00C04F79EFBC}") = "ClassMetotDemo", "ClassMetotDemo\ClassMetotDemo.csproj", "{21073B56-A66E-476C-B95E-4D577EDD0E5D}"
EndProject
Global
	GlobalSection(SolutionConfigurationPlatforms) = preSolution
		Debug|Any CPU = Debug|Any CPU
		Release|Any CPU = Release|Any CPU
	EndGlobalSection
	GlobalSection(ProjectConfigurationPlatforms) = postSolution
		{21073B56-A66E-476C-B95E-4D577EDD0E5D}.Debug|Any CPU.ActiveCfg = Debug|Any CPU
		{21073B56-A66E-476C-B95E-4D577EDD0E5D}.Debug|Any CPU.Build.0 = Debug|Any CPU
		{21073B56-A66E-476C-B95E-4D577EDD0E5D}.Release|Any CPU.ActiveCfg = Release|Any CPU
		{21073B56-A66E-476C-B95E-4D577EDD0E5D}.Release|Any CPU.Build.0 = Release|Any CPU
	EndGlobalSection
	GlobalSection(SolutionProperties) = preSolution
		HideSolutionNode = FALSE
	EndGlobalSection
	GlobalSection(ExtensibilityGlobals) = postSolution
		SolutionGuid = {C11BC293-E01A-440B-96FF-34581E454F26}
	EndGlobalSection
EndGlobal
